
Microsoft Visual Studio Solution File, Format Version 12.00
# Visual Studio Version 17
VisualStudioVersion = 17.1.32328.378
MinimumVisualStudioVersion = 10.0.40219.1
Project("{9A19103F-16F7-4668-BE54-9A1E7A4F7556}") = "ProjManager", "ProjManager.csproj", "{87F45A9C-61AB-42FD-88D8-DC39FE82B7C9}"
	ProjectSection(ProjectDependencies) = postProject
		{A70848CF-3229-4265-A9B1-FAE8926299C4} = {A70848CF-3229-4265-A9B1-FAE8926299C4}
	EndProjectSection
EndProject
Project("{FAE04EC0-301F-11D3-BF4B-00C04F79EFBC}") = "DataOperations", "..\DataOperations\DataOperations.csproj", "{A70848CF-3229-4265-A9B1-FAE8926299C4}"
EndProject
Global
	GlobalSection(SolutionConfigurationPlatforms) = preSolution
		Debug|Any CPU = Debug|Any CPU
		Release|Any CPU = Release|Any CPU
	EndGlobalSection
	GlobalSection(ProjectConfigurationPlatforms) = postSolution
		{87F45A9C-61AB-42FD-88D8-DC39FE82B7C9}.Debug|Any CPU.ActiveCfg = Debug|Any CPU
		{87F45A9C-61AB-42FD-88D8-DC39FE82B7C9}.Debug|Any CPU.Build.0 = Debug|Any CPU
		{87F45A9C-61AB-42FD-88D8-DC39FE82B7C9}.Release|Any CPU.ActiveCfg = Release|Any CPU
		{87F45A9C-61AB-42FD-88D8-DC39FE82B7C9}.Release|Any CPU.Build.0 = Release|Any CPU
		{A70848CF-3229-4265-A9B1-FAE8926299C4}.Debug|Any CPU.ActiveCfg = Debug|Any CPU
		{A70848CF-3229-4265-A9B1-FAE8926299C4}.Debug|Any CPU.Build.0 = Debug|Any CPU
		{A70848CF-3229-4265-A9B1-FAE8926299C4}.Release|Any CPU.ActiveCfg = Release|Any CPU
		{A70848CF-3229-4265-A9B1-FAE8926299C4}.Release|Any CPU.Build.0 = Release|Any CPU
	EndGlobalSection
	GlobalSection(SolutionProperties) = preSolution
		HideSolutionNode = FALSE
	EndGlobalSection
	GlobalSection(ExtensibilityGlobals) = postSolution
		SolutionGuid = {50A27D36-CD8E-4674-9B69-2A45AA60B35E}
	EndGlobalSection
EndGlobal
